// !$*UTF8*$!
{
	archiveVersion = 1;
	classes = {
	};
	objectVersion = 46;
	objects = {

/* Begin PBXBuildFile section */
		33EE44E818EB8A4300BAC4F5 /* libtinyxml.a in Frameworks */ = {isa = PBXBuildFile; fileRef = 33EE44E718EB8A4300BAC4F5 /* libtinyxml.a */; };
		C40B86251A1529DD00B52E4A /* libAS_Network_Client.a in Frameworks */ = {isa = PBXBuildFile; fileRef = C40B86241A1529DD00B52E4A /* libAS_Network_Client.a */; };
		C40B86271A152B4700B52E4A /* libPocoFoundation.a in Frameworks */ = {isa = PBXBuildFile; fileRef = C40B86261A152B4700B52E4A /* libPocoFoundation.a */; };
		C44096B015D57561003997A3 /* ECIClientController.mm in Sources */ = {isa = PBXBuildFile; fileRef = C44096AF15D57561003997A3 /* ECIClientController.mm */; };
		C441A71515C83866003EA26B /* Cocoa.framework in Frameworks */ = {isa = PBXBuildFile; fileRef = C441A71415C83866003EA26B /* Cocoa.framework */; };
		C441A71F15C83866003EA26B /* InfoPlist.strings in Resources */ = {isa = PBXBuildFile; fileRef = C441A71D15C83866003EA26B /* InfoPlist.strings */; };
		C441A72215C83866003EA26B /* main.m in Sources */ = {isa = PBXBuildFile; fileRef = C441A72115C83866003EA26B /* main.m */; };
		C441A72515C83866003EA26B /* Credits.rtf in Resources */ = {isa = PBXBuildFile; fileRef = C441A72315C83866003EA26B /* Credits.rtf */; };
		C441A72815C83866003EA26B /* ECIClientAppDelegate.m in Sources */ = {isa = PBXBuildFile; fileRef = C441A72715C83866003EA26B /* ECIClientAppDelegate.m */; };
		C441A72B15C83866003EA26B /* MainMenu.xib in Resources */ = {isa = PBXBuildFile; fileRef = C441A72915C83866003EA26B /* MainMenu.xib */; };
		C441A73215C83866003EA26B /* Cocoa.framework in Frameworks */ = {isa = PBXBuildFile; fileRef = C441A71415C83866003EA26B /* Cocoa.framework */; };
		C441A73A15C83866003EA26B /* InfoPlist.strings in Resources */ = {isa = PBXBuildFile; fileRef = C441A73815C83866003EA26B /* InfoPlist.strings */; };
		C441A73D15C83866003EA26B /* ECIClientTests.h in Resources */ = {isa = PBXBuildFile; fileRef = C441A73C15C83866003EA26B /* ECIClientTests.h */; };
		C441A73F15C83866003EA26B /* ECIClientTests.m in Sources */ = {isa = PBXBuildFile; fileRef = C441A73E15C83866003EA26B /* ECIClientTests.m */; };
		C441A75115C98268003EA26B /* libmff_cpp.a in Frameworks */ = {isa = PBXBuildFile; fileRef = C441A74F15C98268003EA26B /* libmff_cpp.a */; };
/* End PBXBuildFile section */

/* Begin PBXContainerItemProxy section */
		C441A73315C83866003EA26B /* PBXContainerItemProxy */ = {
			isa = PBXContainerItemProxy;
			containerPortal = C441A70715C83866003EA26B /* Project object */;
			proxyType = 1;
			remoteGlobalIDString = C441A70F15C83866003EA26B;
			remoteInfo = ECIClient;
		};
/* End PBXContainerItemProxy section */

/* Begin PBXFileReference section */
		33EE44E718EB8A4300BAC4F5 /* libtinyxml.a */ = {isa = PBXFileReference; lastKnownFileType = archive.ar; name = libtinyxml.a; path = ../../../libs/tinyxml/libtinyxml.a; sourceTree = "<group>"; };
		C40B86241A1529DD00B52E4A /* libAS_Network_Client.a */ = {isa = PBXFileReference; lastKnownFileType = archive.ar; name = libAS_Network_Client.a; path = ../../../libs/sdk/libAS_Network_Client.a; sourceTree = "<group>"; };
		C40B86261A152B4700B52E4A /* libPocoFoundation.a */ = {isa = PBXFileReference; lastKnownFileType = archive.ar; name = libPocoFoundation.a; path = ../../../libs/poco/libPocoFoundation.a; sourceTree = "<group>"; };
		C44096AE15D57561003997A3 /* ECIClientController.h */ = {isa = PBXFileReference; fileEncoding = 4; lastKnownFileType = sourcecode.c.h; path = ECIClientController.h; sourceTree = "<group>"; };
		C44096AF15D57561003997A3 /* ECIClientController.mm */ = {isa = PBXFileReference; fileEncoding = 4; lastKnownFileType = sourcecode.cpp.objcpp; path = ECIClientController.mm; sourceTree = "<group>"; };
		C441A71015C83866003EA26B /* ECIClient.app */ = {isa = PBXFileReference; explicitFileType = wrapper.application; includeInIndex = 0; path = ECIClient.app; sourceTree = BUILT_PRODUCTS_DIR; };
		C441A71415C83866003EA26B /* Cocoa.framework */ = {isa = PBXFileReference; lastKnownFileType = wrapper.framework; name = Cocoa.framework; path = System/Library/Frameworks/Cocoa.framework; sourceTree = SDKROOT; };
		C441A71715C83866003EA26B /* AppKit.framework */ = {isa = PBXFileReference; lastKnownFileType = wrapper.framework; name = AppKit.framework; path = System/Library/Frameworks/AppKit.framework; sourceTree = SDKROOT; };
		C441A71815C83866003EA26B /* CoreData.framework */ = {isa = PBXFileReference; lastKnownFileType = wrapper.framework; name = CoreData.framework; path = System/Library/Frameworks/CoreData.framework; sourceTree = SDKROOT; };
		C441A71915C83866003EA26B /* Foundation.framework */ = {isa = PBXFileReference; lastKnownFileType = wrapper.framework; name = Foundation.framework; path = System/Library/Frameworks/Foundation.framework; sourceTree = SDKROOT; };
		C441A71C15C83866003EA26B /* ECIClient-Info.plist */ = {isa = PBXFileReference; lastKnownFileType = text.plist.xml; path = "ECIClient-Info.plist"; sourceTree = "<group>"; };
		C441A71E15C83866003EA26B /* en */ = {isa = PBXFileReference; lastKnownFileType = text.plist.strings; name = en; path = en.lproj/InfoPlist.strings; sourceTree = "<group>"; };
		C441A72015C83866003EA26B /* ECIClient-Prefix.pch */ = {isa = PBXFileReference; lastKnownFileType = sourcecode.c.h; path = "ECIClient-Prefix.pch"; sourceTree = "<group>"; };
		C441A72115C83866003EA26B /* main.m */ = {isa = PBXFileReference; lastKnownFileType = sourcecode.c.objc; path = main.m; sourceTree = "<group>"; };
		C441A72415C83866003EA26B /* en */ = {isa = PBXFileReference; lastKnownFileType = text.rtf; name = en; path = en.lproj/Credits.rtf; sourceTree = "<group>"; };
		C441A72615C83866003EA26B /* ECIClientAppDelegate.h */ = {isa = PBXFileReference; lastKnownFileType = sourcecode.c.h; path = ECIClientAppDelegate.h; sourceTree = "<group>"; };
		C441A72715C83866003EA26B /* ECIClientAppDelegate.m */ = {isa = PBXFileReference; lastKnownFileType = sourcecode.c.objc; path = ECIClientAppDelegate.m; sourceTree = "<group>"; };
		C441A72A15C83866003EA26B /* en */ = {isa = PBXFileReference; lastKnownFileType = file.xib; name = en; path = en.lproj/MainMenu.xib; sourceTree = "<group>"; };
		C441A73115C83866003EA26B /* ECIClientTests.octest */ = {isa = PBXFileReference; explicitFileType = wrapper.cfbundle; includeInIndex = 0; path = ECIClientTests.octest; sourceTree = BUILT_PRODUCTS_DIR; };
		C441A73715C83866003EA26B /* ECIClientTests-Info.plist */ = {isa = PBXFileReference; lastKnownFileType = text.plist.xml; path = "ECIClientTests-Info.plist"; sourceTree = "<group>"; };
		C441A73915C83866003EA26B /* en */ = {isa = PBXFileReference; lastKnownFileType = text.plist.strings; name = en; path = en.lproj/InfoPlist.strings; sourceTree = "<group>"; };
		C441A73B15C83866003EA26B /* ECIClientTests-Prefix.pch */ = {isa = PBXFileReference; lastKnownFileType = sourcecode.c.h; path = "ECIClientTests-Prefix.pch"; sourceTree = "<group>"; };
		C441A73C15C83866003EA26B /* ECIClientTests.h */ = {isa = PBXFileReference; lastKnownFileType = sourcecode.c.h; path = ECIClientTests.h; sourceTree = "<group>"; };
		C441A73E15C83866003EA26B /* ECIClientTests.m */ = {isa = PBXFileReference; lastKnownFileType = sourcecode.c.objc; path = ECIClientTests.m; sourceTree = "<group>"; };
		C441A74F15C98268003EA26B /* libmff_cpp.a */ = {isa = PBXFileReference; lastKnownFileType = archive.ar; name = libmff_cpp.a; path = ../../../libs/mff/libmff_cpp.a; sourceTree = "<group>"; };
/* End PBXFileReference section */

/* Begin PBXFrameworksBuildPhase section */
		C441A70D15C83866003EA26B /* Frameworks */ = {
			isa = PBXFrameworksBuildPhase;
			buildActionMask = 2147483647;
			files = (
				33EE44E818EB8A4300BAC4F5 /* libtinyxml.a in Frameworks */,
				C40B86271A152B4700B52E4A /* libPocoFoundation.a in Frameworks */,
				C441A71515C83866003EA26B /* Cocoa.framework in Frameworks */,
				C441A75115C98268003EA26B /* libmff_cpp.a in Frameworks */,
				C40B86251A1529DD00B52E4A /* libAS_Network_Client.a in Frameworks */,
			);
			runOnlyForDeploymentPostprocessing = 0;
		};
		C441A72D15C83866003EA26B /* Frameworks */ = {
			isa = PBXFrameworksBuildPhase;
			buildActionMask = 2147483647;
			files = (
				C441A73215C83866003EA26B /* Cocoa.framework in Frameworks */,
			);
			runOnlyForDeploymentPostprocessing = 0;
		};
/* End PBXFrameworksBuildPhase section */

/* Begin PBXGroup section */
		C44096B215D57579003997A3 /* Interface */ = {
			isa = PBXGroup;
			children = (
				C441A72615C83866003EA26B /* ECIClientAppDelegate.h */,
				C441A72715C83866003EA26B /* ECIClientAppDelegate.m */,
				C44096AE15D57561003997A3 /* ECIClientController.h */,
				C44096AF15D57561003997A3 /* ECIClientController.mm */,
			);
			name = Interface;
			sourceTree = "<group>";
		};
		C441A70515C83866003EA26B = {
			isa = PBXGroup;
			children = (
				C441A74B15C981FD003EA26B /* libraries */,
				C441A71A15C83866003EA26B /* ECIClient */,
				C441A73515C83866003EA26B /* ECIClientTests */,
				C441A71315C83866003EA26B /* Frameworks */,
				C441A71115C83866003EA26B /* Products */,
			);
			sourceTree = "<group>";
		};
		C441A71115C83866003EA26B /* Products */ = {
			isa = PBXGroup;
			children = (
				C441A71015C83866003EA26B /* ECIClient.app */,
				C441A73115C83866003EA26B /* ECIClientTests.octest */,
			);
			name = Products;
			sourceTree = "<group>";
		};
		C441A71315C83866003EA26B /* Frameworks */ = {
			isa = PBXGroup;
			children = (
				C441A71415C83866003EA26B /* Cocoa.framework */,
				C441A71615C83866003EA26B /* Other Frameworks */,
			);
			name = Frameworks;
			sourceTree = "<group>";
		};
		C441A71615C83866003EA26B /* Other Frameworks */ = {
			isa = PBXGroup;
			children = (
				C441A71715C83866003EA26B /* AppKit.framework */,
				C441A71815C83866003EA26B /* CoreData.framework */,
				C441A71915C83866003EA26B /* Foundation.framework */,
			);
			name = "Other Frameworks";
			sourceTree = "<group>";
		};
		C441A71A15C83866003EA26B /* ECIClient */ = {
			isa = PBXGroup;
			children = (
				C44096B215D57579003997A3 /* Interface */,
				C441A72915C83866003EA26B /* MainMenu.xib */,
				C441A71B15C83866003EA26B /* Supporting Files */,
			);
			path = ECIClient;
			sourceTree = "<group>";
		};
		C441A71B15C83866003EA26B /* Supporting Files */ = {
			isa = PBXGroup;
			children = (
				C441A71C15C83866003EA26B /* ECIClient-Info.plist */,
				C441A71D15C83866003EA26B /* InfoPlist.strings */,
				C441A72015C83866003EA26B /* ECIClient-Prefix.pch */,
				C441A72115C83866003EA26B /* main.m */,
				C441A72315C83866003EA26B /* Credits.rtf */,
			);
			name = "Supporting Files";
			sourceTree = "<group>";
		};
		C441A73515C83866003EA26B /* ECIClientTests */ = {
			isa = PBXGroup;
			children = (
				C441A73C15C83866003EA26B /* ECIClientTests.h */,
				C441A73E15C83866003EA26B /* ECIClientTests.m */,
				C441A73615C83866003EA26B /* Supporting Files */,
			);
			path = ECIClientTests;
			sourceTree = "<group>";
		};
		C441A73615C83866003EA26B /* Supporting Files */ = {
			isa = PBXGroup;
			children = (
				C441A73715C83866003EA26B /* ECIClientTests-Info.plist */,
				C441A73815C83866003EA26B /* InfoPlist.strings */,
				C441A73B15C83866003EA26B /* ECIClientTests-Prefix.pch */,
			);
			name = "Supporting Files";
			sourceTree = "<group>";
		};
		C441A74B15C981FD003EA26B /* libraries */ = {
			isa = PBXGroup;
			children = (
				C40B86261A152B4700B52E4A /* libPocoFoundation.a */,
				33EE44E718EB8A4300BAC4F5 /* libtinyxml.a */,
				C40B86241A1529DD00B52E4A /* libAS_Network_Client.a */,
				C441A74F15C98268003EA26B /* libmff_cpp.a */,
			);
			name = libraries;
			sourceTree = "<group>";
		};
/* End PBXGroup section */

/* Begin PBXNativeTarget section */
		C441A70F15C83866003EA26B /* ECIClient */ = {
			isa = PBXNativeTarget;
			buildConfigurationList = C441A74215C83866003EA26B /* Build configuration list for PBXNativeTarget "ECIClient" */;
			buildPhases = (
				C441A70C15C83866003EA26B /* Sources */,
				C441A70D15C83866003EA26B /* Frameworks */,
				C441A70E15C83866003EA26B /* Resources */,
			);
			buildRules = (
			);
			dependencies = (
			);
			name = ECIClient;
			productName = ECIClient;
			productReference = C441A71015C83866003EA26B /* ECIClient.app */;
			productType = "com.apple.product-type.application";
		};
		C441A73015C83866003EA26B /* ECIClientTests */ = {
			isa = PBXNativeTarget;
			buildConfigurationList = C441A74515C83866003EA26B /* Build configuration list for PBXNativeTarget "ECIClientTests" */;
			buildPhases = (
				C441A72C15C83866003EA26B /* Sources */,
				C441A72D15C83866003EA26B /* Frameworks */,
				C441A72E15C83866003EA26B /* Resources */,
				C441A72F15C83866003EA26B /* ShellScript */,
			);
			buildRules = (
			);
			dependencies = (
				C441A73415C83866003EA26B /* PBXTargetDependency */,
			);
			name = ECIClientTests;
			productName = ECIClientTests;
			productReference = C441A73115C83866003EA26B /* ECIClientTests.octest */;
			productType = "com.apple.product-type.bundle";
		};
/* End PBXNativeTarget section */

/* Begin PBXProject section */
		C441A70715C83866003EA26B /* Project object */ = {
			isa = PBXProject;
			attributes = {
				ORGANIZATIONNAME = "Electrical Geodesics, Inc.";
			};
			buildConfigurationList = C441A70A15C83866003EA26B /* Build configuration list for PBXProject "ECIClient" */;
			compatibilityVersion = "Xcode 3.2";
			developmentRegion = English;
			hasScannedForEncodings = 0;
			knownRegions = (
				en,
			);
			mainGroup = C441A70515C83866003EA26B;
			productRefGroup = C441A71115C83866003EA26B /* Products */;
			projectDirPath = "";
			projectRoot = "";
			targets = (
				C441A70F15C83866003EA26B /* ECIClient */,
				C441A73015C83866003EA26B /* ECIClientTests */,
			);
		};
/* End PBXProject section */

/* Begin PBXResourcesBuildPhase section */
		C441A70E15C83866003EA26B /* Resources */ = {
			isa = PBXResourcesBuildPhase;
			buildActionMask = 2147483647;
			files = (
				C441A71F15C83866003EA26B /* InfoPlist.strings in Resources */,
				C441A72515C83866003EA26B /* Credits.rtf in Resources */,
				C441A72B15C83866003EA26B /* MainMenu.xib in Resources */,
			);
			runOnlyForDeploymentPostprocessing = 0;
		};
		C441A72E15C83866003EA26B /* Resources */ = {
			isa = PBXResourcesBuildPhase;
			buildActionMask = 2147483647;
			files = (
				C441A73A15C83866003EA26B /* InfoPlist.strings in Resources */,
				C441A73D15C83866003EA26B /* ECIClientTests.h in Resources */,
			);
			runOnlyForDeploymentPostprocessing = 0;
		};
/* End PBXResourcesBuildPhase section */

/* Begin PBXShellScriptBuildPhase section */
		C441A72F15C83866003EA26B /* ShellScript */ = {
			isa = PBXShellScriptBuildPhase;
			buildActionMask = 2147483647;
			files = (
			);
			inputPaths = (
			);
			outputPaths = (
			);
			runOnlyForDeploymentPostprocessing = 0;
			shellPath = /bin/sh;
			shellScript = "# Run the unit tests in this test bundle.\n\"${SYSTEM_DEVELOPER_DIR}/Tools/RunUnitTests\"\n";
		};
/* End PBXShellScriptBuildPhase section */

/* Begin PBXSourcesBuildPhase section */
		C441A70C15C83866003EA26B /* Sources */ = {
			isa = PBXSourcesBuildPhase;
			buildActionMask = 2147483647;
			files = (
				C441A72215C83866003EA26B /* main.m in Sources */,
				C441A72815C83866003EA26B /* ECIClientAppDelegate.m in Sources */,
				C44096B015D57561003997A3 /* ECIClientController.mm in Sources */,
			);
			runOnlyForDeploymentPostprocessing = 0;
		};
		C441A72C15C83866003EA26B /* Sources */ = {
			isa = PBXSourcesBuildPhase;
			buildActionMask = 2147483647;
			files = (
				C441A73F15C83866003EA26B /* ECIClientTests.m in Sources */,
			);
			runOnlyForDeploymentPostprocessing = 0;
		};
/* End PBXSourcesBuildPhase section */

/* Begin PBXTargetDependency section */
		C441A73415C83866003EA26B /* PBXTargetDependency */ = {
			isa = PBXTargetDependency;
			target = C441A70F15C83866003EA26B /* ECIClient */;
			targetProxy = C441A73315C83866003EA26B /* PBXContainerItemProxy */;
		};
/* End PBXTargetDependency section */

/* Begin PBXVariantGroup section */
		C441A71D15C83866003EA26B /* InfoPlist.strings */ = {
			isa = PBXVariantGroup;
			children = (
				C441A71E15C83866003EA26B /* en */,
			);
			name = InfoPlist.strings;
			sourceTree = "<group>";
		};
		C441A72315C83866003EA26B /* Credits.rtf */ = {
			isa = PBXVariantGroup;
			children = (
				C441A72415C83866003EA26B /* en */,
			);
			name = Credits.rtf;
			sourceTree = "<group>";
		};
		C441A72915C83866003EA26B /* MainMenu.xib */ = {
			isa = PBXVariantGroup;
			children = (
				C441A72A15C83866003EA26B /* en */,
			);
			name = MainMenu.xib;
			sourceTree = "<group>";
		};
		C441A73815C83866003EA26B /* InfoPlist.strings */ = {
			isa = PBXVariantGroup;
			children = (
				C441A73915C83866003EA26B /* en */,
			);
			name = InfoPlist.strings;
			sourceTree = "<group>";
		};
/* End PBXVariantGroup section */

/* Begin XCBuildConfiguration section */
		C441A74015C83866003EA26B /* Debug */ = {
			isa = XCBuildConfiguration;
			buildSettings = {
				ARCHS = "$(ARCHS_STANDARD_32_64_BIT)";
				GCC_C_LANGUAGE_STANDARD = gnu99;
				GCC_OPTIMIZATION_LEVEL = 0;
				GCC_PREPROCESSOR_DEFINITIONS = DEBUG;
				GCC_SYMBOLS_PRIVATE_EXTERN = NO;
				GCC_VERSION = com.apple.compilers.llvm.clang.1_0;
				GCC_WARN_64_TO_32_BIT_CONVERSION = YES;
				GCC_WARN_ABOUT_RETURN_TYPE = YES;
				GCC_WARN_UNUSED_VARIABLE = YES;
				MACOSX_DEPLOYMENT_TARGET = 10.6;
				ONLY_ACTIVE_ARCH = YES;
				SDKROOT = macosx;
			};
			name = Debug;
		};
		C441A74115C83866003EA26B /* Release */ = {
			isa = XCBuildConfiguration;
			buildSettings = {
				ARCHS = "$(ARCHS_STANDARD_32_64_BIT)";
				GCC_C_LANGUAGE_STANDARD = gnu99;
				GCC_VERSION = com.apple.compilers.llvm.clang.1_0;
				GCC_WARN_64_TO_32_BIT_CONVERSION = YES;
				GCC_WARN_ABOUT_RETURN_TYPE = YES;
				GCC_WARN_UNUSED_VARIABLE = YES;
				MACOSX_DEPLOYMENT_TARGET = 10.6;
				SDKROOT = macosx;
			};
			name = Release;
		};
		C441A74315C83866003EA26B /* Debug */ = {
			isa = XCBuildConfiguration;
			buildSettings = {
				ALWAYS_SEARCH_USER_PATHS = NO;
				COPY_PHASE_STRIP = NO;
				GCC_DYNAMIC_NO_PIC = NO;
				GCC_ENABLE_OBJC_EXCEPTIONS = YES;
				GCC_PRECOMPILE_PREFIX_HEADER = YES;
				GCC_PREFIX_HEADER = "ECIClient/ECIClient-Prefix.pch";
				HEADER_SEARCH_PATHS = (
					"\"$(SRCROOT)/../../../include/base\"",
					"\"$(SRCROOT)/../../../include/sdk\"",
					"\"$(SRCROOT)/../../../include/mff/cpp/api\"",
					"\"$(SRCROOT)/../../../include/mff/cpp/protocols\"",
					"\"$(SRCROOT)/../../../include/mff/cpp/util\"",
					"\"$(SRCROOT)/../../../include/poco\"",
					"\"$(SRCROOT)/../../../include/tinyxml\"",
				);
				INFOPLIST_FILE = "ECIClient/ECIClient-Info.plist";
				LIBRARY_SEARCH_PATHS = (
					"$(inherited)",
					"\"$(SRCROOT)/../../../libs/sdk\"",
					"\"$(SRCROOT)/../../../libs/tinyxml\"",
					"\"$(SRCROOT)/../../../libs/mff\"",
					"\"$(SRCROOT)/../../../libs/poco\"",
				);
				MACOSX_DEPLOYMENT_TARGET = 10.9;
				PRODUCT_NAME = "$(TARGET_NAME)";
				WRAPPER_EXTENSION = app;
			};
			name = Debug;
		};
		C441A74415C83866003EA26B /* Release */ = {
			isa = XCBuildConfiguration;
			buildSettings = {
				ALWAYS_SEARCH_USER_PATHS = NO;
				COPY_PHASE_STRIP = YES;
				DEBUG_INFORMATION_FORMAT = "dwarf-with-dsym";
				GCC_ENABLE_OBJC_EXCEPTIONS = YES;
				GCC_PRECOMPILE_PREFIX_HEADER = YES;
				GCC_PREFIX_HEADER = "ECIClient/ECIClient-Prefix.pch";
				HEADER_SEARCH_PATHS = (
					"\"$(SRCROOT)/../../../include/base\"",
					"\"$(SRCROOT)/../../../include/sdk\"",
					"\"$(SRCROOT)/../../../include/mff/cpp/api\"",
					"\"$(SRCROOT)/../../../include/mff/cpp/protocols\"",
					"\"$(SRCROOT)/../../../include/mff/cpp/util\"",
					"\"$(SRCROOT)/../../../include/poco\"",
					"\"$(SRCROOT)/../../../include/tinyxml\"",
				);
				INFOPLIST_FILE = "ECIClient/ECIClient-Info.plist";
				LIBRARY_SEARCH_PATHS = (
					"$(inherited)",
					"\"$(SRCROOT)/../../../libs/sdk\"",
					"\"$(SRCROOT)/../../../libs/tinyxml\"",
					"\"$(SRCROOT)/../../../libs/mff\"",
					"\"$(SRCROOT)/../../../libs/poco\"",
				);
				MACOSX_DEPLOYMENT_TARGET = 10.9;
				PRODUCT_NAME = "$(TARGET_NAME)";
				WRAPPER_EXTENSION = app;
			};
			name = Release;
		};
		C441A74615C83866003EA26B /* Debug */ = {
			isa = XCBuildConfiguration;
			buildSettings = {
				ALWAYS_SEARCH_USER_PATHS = NO;
				BUNDLE_LOADER = "$(BUILT_PRODUCTS_DIR)/ECIClient.app/Contents/MacOS/ECIClient";
				COPY_PHASE_STRIP = NO;
				FRAMEWORK_SEARCH_PATHS = "$(DEVELOPER_LIBRARY_DIR)/Frameworks";
				GCC_DYNAMIC_NO_PIC = NO;
				GCC_ENABLE_OBJC_EXCEPTIONS = YES;
				GCC_PRECOMPILE_PREFIX_HEADER = YES;
				GCC_PREFIX_HEADER = "ECIClientTests/ECIClientTests-Prefix.pch";
				INFOPLIST_FILE = "ECIClientTests/ECIClientTests-Info.plist";
				OTHER_LDFLAGS = (
					"-framework",
					SenTestingKit,
				);
				PRODUCT_NAME = "$(TARGET_NAME)";
				TEST_HOST = "$(BUNDLE_LOADER)";
				WRAPPER_EXTENSION = octest;
			};
			name = Debug;
		};
		C441A74715C83866003EA26B /* Release */ = {
			isa = XCBuildConfiguration;
			buildSettings = {
				ALWAYS_SEARCH_USER_PATHS = NO;
				BUNDLE_LOADER = "$(BUILT_PRODUCTS_DIR)/ECIClient.app/Contents/MacOS/ECIClient";
				COPY_PHASE_STRIP = YES;
				DEBUG_INFORMATION_FORMAT = "dwarf-with-dsym";
				FRAMEWORK_SEARCH_PATHS = "$(DEVELOPER_LIBRARY_DIR)/Frameworks";
				GCC_ENABLE_OBJC_EXCEPTIONS = YES;
				GCC_PRECOMPILE_PREFIX_HEADER = YES;
				GCC_PREFIX_HEADER = "ECIClientTests/ECIClientTests-Prefix.pch";
				INFOPLIST_FILE = "ECIClientTests/ECIClientTests-Info.plist";
				OTHER_LDFLAGS = (
					"-framework",
					SenTestingKit,
				);
				PRODUCT_NAME = "$(TARGET_NAME)";
				TEST_HOST = "$(BUNDLE_LOADER)";
				WRAPPER_EXTENSION = octest;
			};
			name = Release;
		};
/* End XCBuildConfiguration section */

/* Begin XCConfigurationList section */
		C441A70A15C83866003EA26B /* Build configuration list for PBXProject "ECIClient" */ = {
			isa = XCConfigurationList;
			buildConfigurations = (
				C441A74015C83866003EA26B /* Debug */,
				C441A74115C83866003EA26B /* Release */,
			);
			defaultConfigurationIsVisible = 0;
			defaultConfigurationName = Release;
		};
		C441A74215C83866003EA26B /* Build configuration list for PBXNativeTarget "ECIClient" */ = {
			isa = XCConfigurationList;
			buildConfigurations = (
				C441A74315C83866003EA26B /* Debug */,
				C441A74415C83866003EA26B /* Release */,
			);
			defaultConfigurationIsVisible = 0;
			defaultConfigurationName = Release;
		};
		C441A74515C83866003EA26B /* Build configuration list for PBXNativeTarget "ECIClientTests" */ = {
			isa = XCConfigurationList;
			buildConfigurations = (
				C441A74615C83866003EA26B /* Debug */,
				C441A74715C83866003EA26B /* Release */,
			);
			defaultConfigurationIsVisible = 0;
			defaultConfigurationName = Release;
		};
/* End XCConfigurationList section */
	};
	rootObject = C441A70715C83866003EA26B /* Project object */;
}
